# This file is autogenerated, do not edit; changes may be undone by the next 'dep ensure'.


[[projects]]
  branch = "master"
  digest = "1:d1a104572273cfb58e801812704dca4fe2eab80f3b0144592a722a76c280c598"
  name = "code.cloudfoundry.org/bytefmt"
  packages = ["."]
  pruneopts = "UT"
  revision = "2aa6f33b730c79971cfc3c742f279195b0abc627"

[[projects]]
  digest = "1:e92f5581902c345eb4ceffdcd4a854fb8f73cf436d47d837d1ec98ef1fe0a214"
  name = "github.com/StackExchange/wmi"
  packages = ["."]
  pruneopts = "UT"
  revision = "5d049714c4a64225c3c79a7cf7d02f7fb5b96338"
  version = "1.0.0"

[[projects]]
  branch = "master"
  digest = "1:cdc6f15d203b9e290cfa83085db22b484001626105cab1d539e5c57274974ec1"
  name = "github.com/alyu/configparser"
  packages = ["."]
  pruneopts = "UT"
  revision = "c505e6011694d3c8c1accccea3c9f57eef22afb1"

[[projects]]
  digest = "1:440028f55cb322d8cb5b9d5ebec298a00b7d74690a658fe6b1c0c0b44341bfae"
  name = "github.com/go-ole/go-ole"
  packages = [
    ".",
    "oleutil",
  ]
  pruneopts = "UT"
  revision = "97b6244175ae18ea6eef668034fd6565847501c9"
  version = "v1.2.4"

[[projects]]
  branch = "master"
  digest = "1:30698afdedd89502ca137b3dac7b762a5919c2e15377445cb42e9c79067f4a83"
  name = "github.com/jehiah/go-strftime"
  packages = ["."]
  pruneopts = "UT"
  revision = "1d33003b386959af197ba96475f198c114627b5e"

[[projects]]
  digest = "1:2422f7028ac61acefeb4398937c674fe73b6fa5ea20566ec96973cce5bc27348"
  name = "github.com/shirou/gopsutil"
  packages = [
    "cpu",
    "disk",
    "internal/common",
    "load",
    "mem",
  ]
  pruneopts = "UT"
  revision = "5335e3fd506df4cb63de0a8239c7461d23063be6"
  version = "v2.19.05"

[[projects]]
  branch = "master"
  digest = "1:3398992b8f4b00ce4a6a5f9770008cf66dcff8f128b51eeab8c1f657096cac8f"
  name = "golang.org/x/sys"
  packages = [
    "unix",
    "windows",
  ]
  pruneopts = "UT"
  revision = "15dcb6c0061f497a3f66e3ea034b629c6dd4d99e"

[solve-meta]
  analyzer-name = "dep"
  analyzer-version = 1
  input-imports = [
    "code.cloudfoundry.org/bytefmt",
    "github.com/alyu/configparser",
    "github.com/jehiah/go-strftime",
    "github.com/shirou/gopsutil/cpu",
    "github.com/shirou/gopsutil/disk",
    "github.com/shirou/gopsutil/load",
    "github.com/shirou/gopsutil/mem",
  ]
  solver-name = "gps-cdcl"
  solver-version = 1
